// !$*UTF8*$!
{
	archiveVersion = 1;
	classes = {
	};
	objectVersion = 46;
	objects = {

/* Begin PBXBuildFile section */
		5FA101D7798FC7E374485BB2 /* Pods_FirstAppSwiftSQlite.framework in Frameworks */ = {isa = PBXBuildFile; fileRef = B9A0094A24614B5C7FFB3431 /* Pods_FirstAppSwiftSQlite.framework */; };
		8B9BF6831E09CE1800C8AB62 /* AppDelegate.swift in Sources */ = {isa = PBXBuildFile; fileRef = 8B9BF6821E09CE1800C8AB62 /* AppDelegate.swift */; };
		8B9BF6851E09CE1800C8AB62 /* ViewController.swift in Sources */ = {isa = PBXBuildFile; fileRef = 8B9BF6841E09CE1800C8AB62 /* ViewController.swift */; };
		8B9BF6881E09CE1800C8AB62 /* Main.storyboard in Resources */ = {isa = PBXBuildFile; fileRef = 8B9BF6861E09CE1800C8AB62 /* Main.storyboard */; };
		8B9BF68A1E09CE1800C8AB62 /* Assets.xcassets in Resources */ = {isa = PBXBuildFile; fileRef = 8B9BF6891E09CE1800C8AB62 /* Assets.xcassets */; };
		8B9BF68D1E09CE1800C8AB62 /* LaunchScreen.storyboard in Resources */ = {isa = PBXBuildFile; fileRef = 8B9BF68B1E09CE1800C8AB62 /* LaunchScreen.storyboard */; };
		8B9BF6971E09D36300C8AB62 /* Contact.swift in Sources */ = {isa = PBXBuildFile; fileRef = 8B9BF6961E09D36300C8AB62 /* Contact.swift */; };
/* End PBXBuildFile section */

/* Begin PBXFileReference section */
		8B9BF67F1E09CE1800C8AB62 /* FirstAppSwiftSQlite.app */ = {isa = PBXFileReference; explicitFileType = wrapper.application; includeInIndex = 0; path = FirstAppSwiftSQlite.app; sourceTree = BUILT_PRODUCTS_DIR; };
		8B9BF6821E09CE1800C8AB62 /* AppDelegate.swift */ = {isa = PBXFileReference; lastKnownFileType = sourcecode.swift; path = AppDelegate.swift; sourceTree = "<group>"; };
		8B9BF6841E09CE1800C8AB62 /* ViewController.swift */ = {isa = PBXFileReference; lastKnownFileType = sourcecode.swift; path = ViewController.swift; sourceTree = "<group>"; };
		8B9BF6871E09CE1800C8AB62 /* Base */ = {isa = PBXFileReference; lastKnownFileType = file.storyboard; name = Base; path = Base.lproj/Main.storyboard; sourceTree = "<group>"; };
		8B9BF6891E09CE1800C8AB62 /* Assets.xcassets */ = {isa = PBXFileReference; lastKnownFileType = folder.assetcatalog; path = Assets.xcassets; sourceTree = "<group>"; };
		8B9BF68C1E09CE1800C8AB62 /* Base */ = {isa = PBXFileReference; lastKnownFileType = file.storyboard; name = Base; path = Base.lproj/LaunchScreen.storyboard; sourceTree = "<group>"; };
		8B9BF68E1E09CE1800C8AB62 /* Info.plist */ = {isa = PBXFileReference; lastKnownFileType = text.plist.xml; path = Info.plist; sourceTree = "<group>"; };
		8B9BF6961E09D36300C8AB62 /* Contact.swift */ = {isa = PBXFileReference; fileEncoding = 4; lastKnownFileType = sourcecode.swift; path = Contact.swift; sourceTree = "<group>"; };
		B9A0094A24614B5C7FFB3431 /* Pods_FirstAppSwiftSQlite.framework */ = {isa = PBXFileReference; explicitFileType = wrapper.framework; includeInIndex = 0; path = Pods_FirstAppSwiftSQlite.framework; sourceTree = BUILT_PRODUCTS_DIR; };
		ED05E8FA4753AEAC4266AA5E /* Pods-FirstAppSwiftSQlite.release.xcconfig */ = {isa = PBXFileReference; includeInIndex = 1; lastKnownFileType = text.xcconfig; name = "Pods-FirstAppSwiftSQlite.release.xcconfig"; path = "Pods/Target Support Files/Pods-FirstAppSwiftSQlite/Pods-FirstAppSwiftSQlite.release.xcconfig"; sourceTree = "<group>"; };
		F88BA5041104ED21CADD27FA /* Pods-FirstAppSwiftSQlite.debug.xcconfig */ = {isa = PBXFileReference; includeInIndex = 1; lastKnownFileType = text.xcconfig; name = "Pods-FirstAppSwiftSQlite.debug.xcconfig"; path = "Pods/Target Support Files/Pods-FirstAppSwiftSQlite/Pods-FirstAppSwiftSQlite.debug.xcconfig"; sourceTree = "<group>"; };
/* End PBXFileReference section */

/* Begin PBXFrameworksBuildPhase section */
		8B9BF67C1E09CE1800C8AB62 /* Frameworks */ = {
			isa = PBXFrameworksBuildPhase;
			buildActionMask = 2147483647;
			files = (
				5FA101D7798FC7E374485BB2 /* Pods_FirstAppSwiftSQlite.framework in Frameworks */,
			);
			runOnlyForDeploymentPostprocessing = 0;
		};
/* End PBXFrameworksBuildPhase section */

/* Begin PBXGroup section */
		1B0CF7C8A067BC45C39B275B /* Pods */ = {
			isa = PBXGroup;
			children = (
				F88BA5041104ED21CADD27FA /* Pods-FirstAppSwiftSQlite.debug.xcconfig */,
				ED05E8FA4753AEAC4266AA5E /* Pods-FirstAppSwiftSQlite.release.xcconfig */,
			);
			name = Pods;
			sourceTree = "<group>";
		};
		8B9BF6761E09CE1800C8AB62 = {
			isa = PBXGroup;
			children = (
				8B9BF6961E09D36300C8AB62 /* Contact.swift */,
				8B9BF6811E09CE1800C8AB62 /* FirstAppSwiftSQlite */,
				8B9BF6801E09CE1800C8AB62 /* Products */,
				1B0CF7C8A067BC45C39B275B /* Pods */,
				B050858C1F6403A3215FD616 /* Frameworks */,
			);
			sourceTree = "<group>";
		};
		8B9BF6801E09CE1800C8AB62 /* Products */ = {
			isa = PBXGroup;
			children = (
				8B9BF67F1E09CE1800C8AB62 /* FirstAppSwiftSQlite.app */,
			);
			name = Products;
			sourceTree = "<group>";
		};
		8B9BF6811E09CE1800C8AB62 /* FirstAppSwiftSQlite */ = {
			isa = PBXGroup;
			children = (
				8B9BF6821E09CE1800C8AB62 /* AppDelegate.swift */,
				8B9BF6841E09CE1800C8AB62 /* ViewController.swift */,
				8B9BF6861E09CE1800C8AB62 /* Main.storyboard */,
				8B9BF6891E09CE1800C8AB62 /* Assets.xcassets */,
				8B9BF68B1E09CE1800C8AB62 /* LaunchScreen.storyboard */,
				8B9BF68E1E09CE1800C8AB62 /* Info.plist */,
			);
			path = FirstAppSwiftSQlite;
			sourceTree = "<group>";
		};
		B050858C1F6403A3215FD616 /* Frameworks */ = {
			isa = PBXGroup;
			children = (
				B9A0094A24614B5C7FFB3431 /* Pods_FirstAppSwiftSQlite.framework */,
			);
			name = Frameworks;
			sourceTree = "<group>";
		};
/* End PBXGroup section */

/* Begin PBXNativeTarget section */
		8B9BF67E1E09CE1800C8AB62 /* FirstAppSwiftSQlite */ = {
			isa = PBXNativeTarget;
			buildConfigurationList = 8B9BF6911E09CE1800C8AB62 /* Build configuration list for PBXNativeTarget "FirstAppSwiftSQlite" */;
			buildPhases = (
				3B729E9EE5E3B4555FFE15CE /* [CP] Check Pods Manifest.lock */,
				8B9BF67B1E09CE1800C8AB62 /* Sources */,
				8B9BF67C1E09CE1800C8AB62 /* Frameworks */,
				8B9BF67D1E09CE1800C8AB62 /* Resources */,
				8C7542D893DDDD667AD433ED /* [CP] Embed Pods Frameworks */,
				174459E2B5CC8336CE9ED8D3 /* [CP] Copy Pods Resources */,
			);
			buildRules = (
			);
			dependencies = (
			);
			name = FirstAppSwiftSQlite;
			productName = FirstAppSwiftSQlite;
			productReference = 8B9BF67F1E09CE1800C8AB62 /* FirstAppSwiftSQlite.app */;
			productType = "com.apple.product-type.application";
		};
/* End PBXNativeTarget section */

/* Begin PBXProject section */
		8B9BF6771E09CE1800C8AB62 /* Project object */ = {
			isa = PBXProject;
			attributes = {
				LastSwiftUpdateCheck = 0810;
				LastUpgradeCheck = 0810;
				ORGANIZATIONNAME = Developer;
				TargetAttributes = {
					8B9BF67E1E09CE1800C8AB62 = {
						CreatedOnToolsVersion = 8.1;
						DevelopmentTeam = Y44QXXQB5Q;
						ProvisioningStyle = Automatic;
					};
				};
			};
			buildConfigurationList = 8B9BF67A1E09CE1800C8AB62 /* Build configuration list for PBXProject "FirstAppSwiftSQlite" */;
			compatibilityVersion = "Xcode 3.2";
			developmentRegion = English;
			hasScannedForEncodings = 0;
			knownRegions = (
				en,
				Base,
			);
			mainGroup = 8B9BF6761E09CE1800C8AB62;
			productRefGroup = 8B9BF6801E09CE1800C8AB62 /* Products */;
			projectDirPath = "";
			projectRoot = "";
			targets = (
				8B9BF67E1E09CE1800C8AB62 /* FirstAppSwiftSQlite */,
			);
		};
/* End PBXProject section */

/* Begin PBXResourcesBuildPhase section */
		8B9BF67D1E09CE1800C8AB62 /* Resources */ = {
			isa = PBXResourcesBuildPhase;
			buildActionMask = 2147483647;
			files = (
				8B9BF68D1E09CE1800C8AB62 /* LaunchScreen.storyboard in Resources */,
				8B9BF68A1E09CE1800C8AB62 /* Assets.xcassets in Resources */,
				8B9BF6881E09CE1800C8AB62 /* Main.storyboard in Resources */,
			);
			runOnlyForDeploymentPostprocessing = 0;
		};
/* End PBXResourcesBuildPhase section */

/* Begin PBXShellScriptBuildPhase section */
		174459E2B5CC8336CE9ED8D3 /* [CP] Copy Pods Resources */ = {
			isa = PBXShellScriptBuildPhase;
			buildActionMask = 2147483647;
			files = (
			);
			inputPaths = (
			);
			name = "[CP] Copy Pods Resources";
			outputPaths = (
			);
			runOnlyForDeploymentPostprocessing = 0;
			shellPath = /bin/sh;
			shellScript = "\"${SRCROOT}/Pods/Target Support Files/Pods-FirstAppSwiftSQlite/Pods-FirstAppSwiftSQlite-resources.sh\"\n";
			showEnvVarsInLog = 0;
		};
		3B729E9EE5E3B4555FFE15CE /* [CP] Check Pods Manifest.lock */ = {
			isa = PBXShellScriptBuildPhase;
			buildActionMask = 2147483647;
			files = (
			);
			inputPaths = (
			);
			name = "[CP] Check Pods Manifest.lock";
			outputPaths = (
			);
			runOnlyForDeploymentPostprocessing = 0;
			shellPath = /bin/sh;
			shellScript = "diff \"${PODS_ROOT}/../Podfile.lock\" \"${PODS_ROOT}/Manifest.lock\" > /dev/null\nif [ $? != 0 ] ; then\n    # print error to STDERR\n    echo \"error: The sandbox is not in sync with the Podfile.lock. Run 'pod install' or update your CocoaPods installation.\" >&2\n    exit 1\nfi\n";
			showEnvVarsInLog = 0;
		};
		8C7542D893DDDD667AD433ED /* [CP] Embed Pods Frameworks */ = {
			isa = PBXShellScriptBuildPhase;
			buildActionMask = 2147483647;
			files = (
			);
			inputPaths = (
			);
			name = "[CP] Embed Pods Frameworks";
			outputPaths = (
			);
			runOnlyForDeploymentPostprocessing = 0;
			shellPath = /bin/sh;
			shellScript = "\"${SRCROOT}/Pods/Target Support Files/Pods-FirstAppSwiftSQlite/Pods-FirstAppSwiftSQlite-frameworks.sh\"\n";
			showEnvVarsInLog = 0;
		};
/* End PBXShellScriptBuildPhase section */

/* Begin PBXSourcesBuildPhase section */
		8B9BF67B1E09CE1800C8AB62 /* Sources */ = {
			isa = PBXSourcesBuildPhase;
			buildActionMask = 2147483647;
			files = (
				8B9BF6971E09D36300C8AB62 /* Contact.swift in Sources */,
				8B9BF6851E09CE1800C8AB62 /* ViewController.swift in Sources */,
				8B9BF6831E09CE1800C8AB62 /* AppDelegate.swift in Sources */,
			);
			runOnlyForDeploymentPostprocessing = 0;
		};
/* End PBXSourcesBuildPhase section */

/* Begin PBXVariantGroup section */
		8B9BF6861E09CE1800C8AB62 /* Main.storyboard */ = {
			isa = PBXVariantGroup;
			children = (
				8B9BF6871E09CE1800C8AB62 /* Base */,
			);
			name = Main.storyboard;
			sourceTree = "<group>";
		};
		8B9BF68B1E09CE1800C8AB62 /* LaunchScreen.storyboard */ = {
			isa = PBXVariantGroup;
			children = (
				8B9BF68C1E09CE1800C8AB62 /* Base */,
			);
			name = LaunchScreen.storyboard;
			sourceTree = "<group>";
		};
/* End PBXVariantGroup section */

/* Begin XCBuildConfiguration section */
		8B9BF68F1E09CE1800C8AB62 /* Debug */ = {
			isa = XCBuildConfiguration;
			buildSettings = {
				ALWAYS_SEARCH_USER_PATHS = NO;
				CLANG_ANALYZER_NONNULL = YES;
				CLANG_CXX_LANGUAGE_STANDARD = "gnu++0x";
				CLANG_CXX_LIBRARY = "libc++";
				CLANG_ENABLE_MODULES = YES;
				CLANG_ENABLE_OBJC_ARC = YES;
				CLANG_WARN_BOOL_CONVERSION = YES;
				CLANG_WARN_CONSTANT_CONVERSION = YES;
				CLANG_WARN_DIRECT_OBJC_ISA_USAGE = YES_ERROR;
				CLANG_WARN_DOCUMENTATION_COMMENTS = YES;
				CLANG_WARN_EMPTY_BODY = YES;
				CLANG_WARN_ENUM_CONVERSION = YES;
				CLANG_WARN_INFINITE_RECURSION = YES;
				CLANG_WARN_INT_CONVERSION = YES;
				CLANG_WARN_OBJC_ROOT_CLASS = YES_ERROR;
				CLANG_WARN_SUSPICIOUS_MOVES = YES;
				CLANG_WARN_UNREACHABLE_CODE = YES;
				CLANG_WARN__DUPLICATE_METHOD_MATCH = YES;
				"CODE_SIGN_IDENTITY[sdk=iphoneos*]" = "iPhone Developer";
				COPY_PHASE_STRIP = NO;
				DEBUG_INFORMATION_FORMAT = dwarf;
				ENABLE_STRICT_OBJC_MSGSEND = YES;
				ENABLE_TESTABILITY = YES;
				GCC_C_LANGUAGE_STANDARD = gnu99;
				GCC_DYNAMIC_NO_PIC = NO;
				GCC_NO_COMMON_BLOCKS = YES;
				GCC_OPTIMIZATION_LEVEL = 0;
				GCC_PREPROCESSOR_DEFINITIONS = (
					"DEBUG=1",
					"$(inherited)",
				);
				GCC_WARN_64_TO_32_BIT_CONVERSION = YES;
				GCC_WARN_ABOUT_RETURN_TYPE = YES_ERROR;
				GCC_WARN_UNDECLARED_SELECTOR = YES;
				GCC_WARN_UNINITIALIZED_AUTOS = YES_AGGRESSIVE;
				GCC_WARN_UNUSED_FUNCTION = YES;
				GCC_WARN_UNUSED_VARIABLE = YES;
				IPHONEOS_DEPLOYMENT_TARGET = 10.1;
				MTL_ENABLE_DEBUG_INFO = YES;
				ONLY_ACTIVE_ARCH = YES;
				SDKROOT = iphoneos;
				SWIFT_ACTIVE_COMPILATION_CONDITIONS = DEBUG;
				SWIFT_OPTIMIZATION_LEVEL = "-Onone";
			};
			name = Debug;
		};
		8B9BF6901E09CE1800C8AB62 /* Release */ = {
			isa = XCBuildConfiguration;
			buildSettings = {
				ALWAYS_SEARCH_USER_PATHS = NO;
				CLANG_ANALYZER_NONNULL = YES;
				CLANG_CXX_LANGUAGE_STANDARD = "gnu++0x";
				CLANG_CXX_LIBRARY = "libc++";
				CLANG_ENABLE_MODULES = YES;
				CLANG_ENABLE_OBJC_ARC = YES;
				CLANG_WARN_BOOL_CONVERSION = YES;
				CLANG_WARN_CONSTANT_CONVERSION = YES;
				CLANG_WARN_DIRECT_OBJC_ISA_USAGE = YES_ERROR;
				CLANG_WARN_DOCUMENTATION_COMMENTS = YES;
				CLANG_WARN_EMPTY_BODY = YES;
				CLANG_WARN_ENUM_CONVERSION = YES;
				CLANG_WARN_INFINITE_RECURSION = YES;
				CLANG_WARN_INT_CONVERSION = YES;
				CLANG_WARN_OBJC_ROOT_CLASS = YES_ERROR;
				CLANG_WARN_SUSPICIOUS_MOVES = YES;
				CLANG_WARN_UNREACHABLE_CODE = YES;
				CLANG_WARN__DUPLICATE_METHOD_MATCH = YES;
				"CODE_SIGN_IDENTITY[sdk=iphoneos*]" = "iPhone Developer";
				COPY_PHASE_STRIP = NO;
				DEBUG_INFORMATION_FORMAT = "dwarf-with-dsym";
				ENABLE_NS_ASSERTIONS = NO;
				ENABLE_STRICT_OBJC_MSGSEND = YES;
				GCC_C_LANGUAGE_STANDARD = gnu99;
				GCC_NO_COMMON_BLOCKS = YES;
				GCC_WARN_64_TO_32_BIT_CONVERSION = YES;
				GCC_WARN_ABOUT_RETURN_TYPE = YES_ERROR;
				GCC_WARN_UNDECLARED_SELECTOR = YES;
				GCC_WARN_UNINITIALIZED_AUTOS = YES_AGGRESSIVE;
				GCC_WARN_UNUSED_FUNCTION = YES;
				GCC_WARN_UNUSED_VARIABLE = YES;
				IPHONEOS_DEPLOYMENT_TARGET = 10.1;
				MTL_ENABLE_DEBUG_INFO = NO;
				SDKROOT = iphoneos;
				SWIFT_OPTIMIZATION_LEVEL = "-Owholemodule";
				VALIDATE_PRODUCT = YES;
			};
			name = Release;
		};
		8B9BF6921E09CE1800C8AB62 /* Debug */ = {
			isa = XCBuildConfiguration;
			baseConfigurationReference = F88BA5041104ED21CADD27FA /* Pods-FirstAppSwiftSQlite.debug.xcconfig */;
			buildSettings = {
				ASSETCATALOG_COMPILER_APPICON_NAME = AppIcon;
				DEVELOPMENT_TEAM = Y44QXXQB5Q;
				INFOPLIST_FILE = FirstAppSwiftSQlite/Info.plist;
				LD_RUNPATH_SEARCH_PATHS = "$(inherited) @executable_path/Frameworks";
				PRODUCT_BUNDLE_IDENTIFIER = Row52.FirstAppSwiftSQlite;
				PRODUCT_NAME = "$(TARGET_NAME)";
				SWIFT_VERSION = 2.3;
			};
			name = Debug;
		};
		8B9BF6931E09CE1800C8AB62 /* Release */ = {
			isa = XCBuildConfiguration;
			baseConfigurationReference = ED05E8FA4753AEAC4266AA5E /* Pods-FirstAppSwiftSQlite.release.xcconfig */;
			buildSettings = {
				ASSETCATALOG_COMPILER_APPICON_NAME = AppIcon;
				DEVELOPMENT_TEAM = Y44QXXQB5Q;
				INFOPLIST_FILE = FirstAppSwiftSQlite/Info.plist;
				LD_RUNPATH_SEARCH_PATHS = "$(inherited) @executable_path/Frameworks";
				PRODUCT_BUNDLE_IDENTIFIER = Row52.FirstAppSwiftSQlite;
				PRODUCT_NAME = "$(TARGET_NAME)";
				SWIFT_VERSION = 2.3;
			};
			name = Release;
		};
/* End XCBuildConfiguration section */

/* Begin XCConfigurationList section */
		8B9BF67A1E09CE1800C8AB62 /* Build configuration list for PBXProject "FirstAppSwiftSQlite" */ = {
			isa = XCConfigurationList;
			buildConfigurations = (
				8B9BF68F1E09CE1800C8AB62 /* Debug */,
				8B9BF6901E09CE1800C8AB62 /* Release */,
			);
			defaultConfigurationIsVisible = 0;
			defaultConfigurationName = Release;
		};
		8B9BF6911E09CE1800C8AB62 /* Build configuration list for PBXNativeTarget "FirstAppSwiftSQlite" */ = {
			isa = XCConfigurationList;
			buildConfigurations = (
				8B9BF6921E09CE1800C8AB62 /* Debug */,
				8B9BF6931E09CE1800C8AB62 /* Release */,
			);
			defaultConfigurationIsVisible = 0;
			defaultConfigurationName = Release;
		};
/* End XCConfigurationList section */
	};
	rootObject = 8B9BF6771E09CE1800C8AB62 /* Project object */;
}
