// !$*UTF8*$!
{
	archiveVersion = 1;
	classes = {
	};
	objectVersion = 46;
	objects = {

/* Begin PBXBuildFile section */
		8BDEA83A1E01CBE7003D1168 /* AppDelegate.swift in Sources */ = {isa = PBXBuildFile; fileRef = 8BDEA8391E01CBE7003D1168 /* AppDelegate.swift */; };
		8BDEA83C1E01CBE7003D1168 /* ViewController.swift in Sources */ = {isa = PBXBuildFile; fileRef = 8BDEA83B1E01CBE7003D1168 /* ViewController.swift */; };
		8BDEA83F1E01CBE7003D1168 /* Main.storyboard in Resources */ = {isa = PBXBuildFile; fileRef = 8BDEA83D1E01CBE7003D1168 /* Main.storyboard */; };
		8BDEA8411E01CBE7003D1168 /* Assets.xcassets in Resources */ = {isa = PBXBuildFile; fileRef = 8BDEA8401E01CBE7003D1168 /* Assets.xcassets */; };
		8BDEA8441E01CBE7003D1168 /* LaunchScreen.storyboard in Resources */ = {isa = PBXBuildFile; fileRef = 8BDEA8421E01CBE7003D1168 /* LaunchScreen.storyboard */; };
/* End PBXBuildFile section */

/* Begin PBXFileReference section */
		8BDEA8361E01CBE7003D1168 /* TestingBarcode.app */ = {isa = PBXFileReference; explicitFileType = wrapper.application; includeInIndex = 0; path = TestingBarcode.app; sourceTree = BUILT_PRODUCTS_DIR; };
		8BDEA8391E01CBE7003D1168 /* AppDelegate.swift */ = {isa = PBXFileReference; lastKnownFileType = sourcecode.swift; path = AppDelegate.swift; sourceTree = "<group>"; };
		8BDEA83B1E01CBE7003D1168 /* ViewController.swift */ = {isa = PBXFileReference; lastKnownFileType = sourcecode.swift; path = ViewController.swift; sourceTree = "<group>"; };
		8BDEA83E1E01CBE7003D1168 /* Base */ = {isa = PBXFileReference; lastKnownFileType = file.storyboard; name = Base; path = Base.lproj/Main.storyboard; sourceTree = "<group>"; };
		8BDEA8401E01CBE7003D1168 /* Assets.xcassets */ = {isa = PBXFileReference; lastKnownFileType = folder.assetcatalog; path = Assets.xcassets; sourceTree = "<group>"; };
		8BDEA8431E01CBE7003D1168 /* Base */ = {isa = PBXFileReference; lastKnownFileType = file.storyboard; name = Base; path = Base.lproj/LaunchScreen.storyboard; sourceTree = "<group>"; };
		8BDEA8451E01CBE7003D1168 /* Info.plist */ = {isa = PBXFileReference; lastKnownFileType = text.plist.xml; path = Info.plist; sourceTree = "<group>"; };
/* End PBXFileReference section */

/* Begin PBXFrameworksBuildPhase section */
		8BDEA8331E01CBE7003D1168 /* Frameworks */ = {
			isa = PBXFrameworksBuildPhase;
			buildActionMask = 2147483647;
			files = (
			);
			runOnlyForDeploymentPostprocessing = 0;
		};
/* End PBXFrameworksBuildPhase section */

/* Begin PBXGroup section */
		8BDEA82D1E01CBE6003D1168 = {
			isa = PBXGroup;
			children = (
				8BDEA8381E01CBE7003D1168 /* TestingBarcode */,
				8BDEA8371E01CBE7003D1168 /* Products */,
			);
			sourceTree = "<group>";
		};
		8BDEA8371E01CBE7003D1168 /* Products */ = {
			isa = PBXGroup;
			children = (
				8BDEA8361E01CBE7003D1168 /* TestingBarcode.app */,
			);
			name = Products;
			sourceTree = "<group>";
		};
		8BDEA8381E01CBE7003D1168 /* TestingBarcode */ = {
			isa = PBXGroup;
			children = (
				8BDEA8391E01CBE7003D1168 /* AppDelegate.swift */,
				8BDEA83B1E01CBE7003D1168 /* ViewController.swift */,
				8BDEA83D1E01CBE7003D1168 /* Main.storyboard */,
				8BDEA8401E01CBE7003D1168 /* Assets.xcassets */,
				8BDEA8421E01CBE7003D1168 /* LaunchScreen.storyboard */,
				8BDEA8451E01CBE7003D1168 /* Info.plist */,
			);
			path = TestingBarcode;
			sourceTree = "<group>";
		};
/* End PBXGroup section */

/* Begin PBXNativeTarget section */
		8BDEA8351E01CBE7003D1168 /* TestingBarcode */ = {
			isa = PBXNativeTarget;
			buildConfigurationList = 8BDEA8481E01CBE7003D1168 /* Build configuration list for PBXNativeTarget "TestingBarcode" */;
			buildPhases = (
				8BDEA8321E01CBE7003D1168 /* Sources */,
				8BDEA8331E01CBE7003D1168 /* Frameworks */,
				8BDEA8341E01CBE7003D1168 /* Resources */,
			);
			buildRules = (
			);
			dependencies = (
			);
			name = TestingBarcode;
			productName = TestingBarcode;
			productReference = 8BDEA8361E01CBE7003D1168 /* TestingBarcode.app */;
			productType = "com.apple.product-type.application";
		};
/* End PBXNativeTarget section */

/* Begin PBXProject section */
		8BDEA82E1E01CBE7003D1168 /* Project object */ = {
			isa = PBXProject;
			attributes = {
				LastSwiftUpdateCheck = 0810;
				LastUpgradeCheck = 0810;
				ORGANIZATIONNAME = Developer;
				TargetAttributes = {
					8BDEA8351E01CBE7003D1168 = {
						CreatedOnToolsVersion = 8.1;
						DevelopmentTeam = Y44QXXQB5Q;
						ProvisioningStyle = Automatic;
					};
				};
			};
			buildConfigurationList = 8BDEA8311E01CBE7003D1168 /* Build configuration list for PBXProject "TestingBarcode" */;
			compatibilityVersion = "Xcode 3.2";
			developmentRegion = English;
			hasScannedForEncodings = 0;
			knownRegions = (
				en,
				Base,
			);
			mainGroup = 8BDEA82D1E01CBE6003D1168;
			productRefGroup = 8BDEA8371E01CBE7003D1168 /* Products */;
			projectDirPath = "";
			projectRoot = "";
			targets = (
				8BDEA8351E01CBE7003D1168 /* TestingBarcode */,
			);
		};
/* End PBXProject section */

/* Begin PBXResourcesBuildPhase section */
		8BDEA8341E01CBE7003D1168 /* Resources */ = {
			isa = PBXResourcesBuildPhase;
			buildActionMask = 2147483647;
			files = (
				8BDEA8441E01CBE7003D1168 /* LaunchScreen.storyboard in Resources */,
				8BDEA8411E01CBE7003D1168 /* Assets.xcassets in Resources */,
				8BDEA83F1E01CBE7003D1168 /* Main.storyboard in Resources */,
			);
			runOnlyForDeploymentPostprocessing = 0;
		};
/* End PBXResourcesBuildPhase section */

/* Begin PBXSourcesBuildPhase section */
		8BDEA8321E01CBE7003D1168 /* Sources */ = {
			isa = PBXSourcesBuildPhase;
			buildActionMask = 2147483647;
			files = (
				8BDEA83C1E01CBE7003D1168 /* ViewController.swift in Sources */,
				8BDEA83A1E01CBE7003D1168 /* AppDelegate.swift in Sources */,
			);
			runOnlyForDeploymentPostprocessing = 0;
		};
/* End PBXSourcesBuildPhase section */

/* Begin PBXVariantGroup section */
		8BDEA83D1E01CBE7003D1168 /* Main.storyboard */ = {
			isa = PBXVariantGroup;
			children = (
				8BDEA83E1E01CBE7003D1168 /* Base */,
			);
			name = Main.storyboard;
			sourceTree = "<group>";
		};
		8BDEA8421E01CBE7003D1168 /* LaunchScreen.storyboard */ = {
			isa = PBXVariantGroup;
			children = (
				8BDEA8431E01CBE7003D1168 /* Base */,
			);
			name = LaunchScreen.storyboard;
			sourceTree = "<group>";
		};
/* End PBXVariantGroup section */

/* Begin XCBuildConfiguration section */
		8BDEA8461E01CBE7003D1168 /* Debug */ = {
			isa = XCBuildConfiguration;
			buildSettings = {
				ALWAYS_SEARCH_USER_PATHS = NO;
				CLANG_ANALYZER_NONNULL = YES;
				CLANG_CXX_LANGUAGE_STANDARD = "gnu++0x";
				CLANG_CXX_LIBRARY = "libc++";
				CLANG_ENABLE_MODULES = YES;
				CLANG_ENABLE_OBJC_ARC = YES;
				CLANG_WARN_BOOL_CONVERSION = YES;
				CLANG_WARN_CONSTANT_CONVERSION = YES;
				CLANG_WARN_DIRECT_OBJC_ISA_USAGE = YES_ERROR;
				CLANG_WARN_DOCUMENTATION_COMMENTS = YES;
				CLANG_WARN_EMPTY_BODY = YES;
				CLANG_WARN_ENUM_CONVERSION = YES;
				CLANG_WARN_INFINITE_RECURSION = YES;
				CLANG_WARN_INT_CONVERSION = YES;
				CLANG_WARN_OBJC_ROOT_CLASS = YES_ERROR;
				CLANG_WARN_SUSPICIOUS_MOVES = YES;
				CLANG_WARN_UNREACHABLE_CODE = YES;
				CLANG_WARN__DUPLICATE_METHOD_MATCH = YES;
				"CODE_SIGN_IDENTITY[sdk=iphoneos*]" = "iPhone Developer";
				COPY_PHASE_STRIP = NO;
				DEBUG_INFORMATION_FORMAT = dwarf;
				ENABLE_STRICT_OBJC_MSGSEND = YES;
				ENABLE_TESTABILITY = YES;
				GCC_C_LANGUAGE_STANDARD = gnu99;
				GCC_DYNAMIC_NO_PIC = NO;
				GCC_NO_COMMON_BLOCKS = YES;
				GCC_OPTIMIZATION_LEVEL = 0;
				GCC_PREPROCESSOR_DEFINITIONS = (
					"DEBUG=1",
					"$(inherited)",
				);
				GCC_WARN_64_TO_32_BIT_CONVERSION = YES;
				GCC_WARN_ABOUT_RETURN_TYPE = YES_ERROR;
				GCC_WARN_UNDECLARED_SELECTOR = YES;
				GCC_WARN_UNINITIALIZED_AUTOS = YES_AGGRESSIVE;
				GCC_WARN_UNUSED_FUNCTION = YES;
				GCC_WARN_UNUSED_VARIABLE = YES;
				IPHONEOS_DEPLOYMENT_TARGET = 10.1;
				MTL_ENABLE_DEBUG_INFO = YES;
				ONLY_ACTIVE_ARCH = YES;
				SDKROOT = iphoneos;
				SWIFT_ACTIVE_COMPILATION_CONDITIONS = DEBUG;
				SWIFT_OPTIMIZATION_LEVEL = "-Onone";
			};
			name = Debug;
		};
		8BDEA8471E01CBE7003D1168 /* Release */ = {
			isa = XCBuildConfiguration;
			buildSettings = {
				ALWAYS_SEARCH_USER_PATHS = NO;
				CLANG_ANALYZER_NONNULL = YES;
				CLANG_CXX_LANGUAGE_STANDARD = "gnu++0x";
				CLANG_CXX_LIBRARY = "libc++";
				CLANG_ENABLE_MODULES = YES;
				CLANG_ENABLE_OBJC_ARC = YES;
				CLANG_WARN_BOOL_CONVERSION = YES;
				CLANG_WARN_CONSTANT_CONVERSION = YES;
				CLANG_WARN_DIRECT_OBJC_ISA_USAGE = YES_ERROR;
				CLANG_WARN_DOCUMENTATION_COMMENTS = YES;
				CLANG_WARN_EMPTY_BODY = YES;
				CLANG_WARN_ENUM_CONVERSION = YES;
				CLANG_WARN_INFINITE_RECURSION = YES;
				CLANG_WARN_INT_CONVERSION = YES;
				CLANG_WARN_OBJC_ROOT_CLASS = YES_ERROR;
				CLANG_WARN_SUSPICIOUS_MOVES = YES;
				CLANG_WARN_UNREACHABLE_CODE = YES;
				CLANG_WARN__DUPLICATE_METHOD_MATCH = YES;
				"CODE_SIGN_IDENTITY[sdk=iphoneos*]" = "iPhone Developer";
				COPY_PHASE_STRIP = NO;
				DEBUG_INFORMATION_FORMAT = "dwarf-with-dsym";
				ENABLE_NS_ASSERTIONS = NO;
				ENABLE_STRICT_OBJC_MSGSEND = YES;
				GCC_C_LANGUAGE_STANDARD = gnu99;
				GCC_NO_COMMON_BLOCKS = YES;
				GCC_WARN_64_TO_32_BIT_CONVERSION = YES;
				GCC_WARN_ABOUT_RETURN_TYPE = YES_ERROR;
				GCC_WARN_UNDECLARED_SELECTOR = YES;
				GCC_WARN_UNINITIALIZED_AUTOS = YES_AGGRESSIVE;
				GCC_WARN_UNUSED_FUNCTION = YES;
				GCC_WARN_UNUSED_VARIABLE = YES;
				IPHONEOS_DEPLOYMENT_TARGET = 10.1;
				MTL_ENABLE_DEBUG_INFO = NO;
				SDKROOT = iphoneos;
				SWIFT_OPTIMIZATION_LEVEL = "-Owholemodule";
				VALIDATE_PRODUCT = YES;
			};
			name = Release;
		};
		8BDEA8491E01CBE7003D1168 /* Debug */ = {
			isa = XCBuildConfiguration;
			buildSettings = {
				ASSETCATALOG_COMPILER_APPICON_NAME = AppIcon;
				DEVELOPMENT_TEAM = Y44QXXQB5Q;
				INFOPLIST_FILE = TestingBarcode/Info.plist;
				IPHONEOS_DEPLOYMENT_TARGET = 8.3;
				LD_RUNPATH_SEARCH_PATHS = "$(inherited) @executable_path/Frameworks";
				PRODUCT_BUNDLE_IDENTIFIER = Row52.TestingBarcode;
				PRODUCT_NAME = "$(TARGET_NAME)";
				SWIFT_VERSION = 3.0;
			};
			name = Debug;
		};
		8BDEA84A1E01CBE7003D1168 /* Release */ = {
			isa = XCBuildConfiguration;
			buildSettings = {
				ASSETCATALOG_COMPILER_APPICON_NAME = AppIcon;
				DEVELOPMENT_TEAM = Y44QXXQB5Q;
				INFOPLIST_FILE = TestingBarcode/Info.plist;
				IPHONEOS_DEPLOYMENT_TARGET = 8.3;
				LD_RUNPATH_SEARCH_PATHS = "$(inherited) @executable_path/Frameworks";
				PRODUCT_BUNDLE_IDENTIFIER = Row52.TestingBarcode;
				PRODUCT_NAME = "$(TARGET_NAME)";
				SWIFT_VERSION = 3.0;
			};
			name = Release;
		};
/* End XCBuildConfiguration section */

/* Begin XCConfigurationList section */
		8BDEA8311E01CBE7003D1168 /* Build configuration list for PBXProject "TestingBarcode" */ = {
			isa = XCConfigurationList;
			buildConfigurations = (
				8BDEA8461E01CBE7003D1168 /* Debug */,
				8BDEA8471E01CBE7003D1168 /* Release */,
			);
			defaultConfigurationIsVisible = 0;
			defaultConfigurationName = Release;
		};
		8BDEA8481E01CBE7003D1168 /* Build configuration list for PBXNativeTarget "TestingBarcode" */ = {
			isa = XCConfigurationList;
			buildConfigurations = (
				8BDEA8491E01CBE7003D1168 /* Debug */,
				8BDEA84A1E01CBE7003D1168 /* Release */,
			);
			defaultConfigurationIsVisible = 0;
			defaultConfigurationName = Release;
		};
/* End XCConfigurationList section */
	};
	rootObject = 8BDEA82E1E01CBE7003D1168 /* Project object */;
}
