// !$*UTF8*$!
{
	archiveVersion = 1;
	classes = {
	};
	objectVersion = 46;
	objects = {

/* Begin PBXBuildFile section */
		8B748B371E4147DB00D1FEC0 /* AppDelegate.swift in Sources */ = {isa = PBXBuildFile; fileRef = 8B748B361E4147DB00D1FEC0 /* AppDelegate.swift */; };
		8B748B391E4147DB00D1FEC0 /* ViewController.swift in Sources */ = {isa = PBXBuildFile; fileRef = 8B748B381E4147DB00D1FEC0 /* ViewController.swift */; };
		8B748B3C1E4147DB00D1FEC0 /* Main.storyboard in Resources */ = {isa = PBXBuildFile; fileRef = 8B748B3A1E4147DB00D1FEC0 /* Main.storyboard */; };
		8B748B3E1E4147DB00D1FEC0 /* Assets.xcassets in Resources */ = {isa = PBXBuildFile; fileRef = 8B748B3D1E4147DB00D1FEC0 /* Assets.xcassets */; };
		8B748B411E4147DB00D1FEC0 /* LaunchScreen.storyboard in Resources */ = {isa = PBXBuildFile; fileRef = 8B748B3F1E4147DB00D1FEC0 /* LaunchScreen.storyboard */; };
		8B748B491E414DE600D1FEC0 /* FooOneViewController.swift in Sources */ = {isa = PBXBuildFile; fileRef = 8B748B481E414DE600D1FEC0 /* FooOneViewController.swift */; };
		8B748B4B1E41514C00D1FEC0 /* FooTwoViewController.swift in Sources */ = {isa = PBXBuildFile; fileRef = 8B748B4A1E41514C00D1FEC0 /* FooTwoViewController.swift */; };
/* End PBXBuildFile section */

/* Begin PBXFileReference section */
		8B748B331E4147DB00D1FEC0 /* TableView.app */ = {isa = PBXFileReference; explicitFileType = wrapper.application; includeInIndex = 0; path = TableView.app; sourceTree = BUILT_PRODUCTS_DIR; };
		8B748B361E4147DB00D1FEC0 /* AppDelegate.swift */ = {isa = PBXFileReference; lastKnownFileType = sourcecode.swift; path = AppDelegate.swift; sourceTree = "<group>"; };
		8B748B381E4147DB00D1FEC0 /* ViewController.swift */ = {isa = PBXFileReference; lastKnownFileType = sourcecode.swift; path = ViewController.swift; sourceTree = "<group>"; };
		8B748B3B1E4147DB00D1FEC0 /* Base */ = {isa = PBXFileReference; lastKnownFileType = file.storyboard; name = Base; path = Base.lproj/Main.storyboard; sourceTree = "<group>"; };
		8B748B3D1E4147DB00D1FEC0 /* Assets.xcassets */ = {isa = PBXFileReference; lastKnownFileType = folder.assetcatalog; path = Assets.xcassets; sourceTree = "<group>"; };
		8B748B401E4147DB00D1FEC0 /* Base */ = {isa = PBXFileReference; lastKnownFileType = file.storyboard; name = Base; path = Base.lproj/LaunchScreen.storyboard; sourceTree = "<group>"; };
		8B748B421E4147DB00D1FEC0 /* Info.plist */ = {isa = PBXFileReference; lastKnownFileType = text.plist.xml; path = Info.plist; sourceTree = "<group>"; };
		8B748B481E414DE600D1FEC0 /* FooOneViewController.swift */ = {isa = PBXFileReference; fileEncoding = 4; lastKnownFileType = sourcecode.swift; path = FooOneViewController.swift; sourceTree = "<group>"; };
		8B748B4A1E41514C00D1FEC0 /* FooTwoViewController.swift */ = {isa = PBXFileReference; fileEncoding = 4; lastKnownFileType = sourcecode.swift; path = FooTwoViewController.swift; sourceTree = "<group>"; };
/* End PBXFileReference section */

/* Begin PBXFrameworksBuildPhase section */
		8B748B301E4147DB00D1FEC0 /* Frameworks */ = {
			isa = PBXFrameworksBuildPhase;
			buildActionMask = 2147483647;
			files = (
			);
			runOnlyForDeploymentPostprocessing = 0;
		};
/* End PBXFrameworksBuildPhase section */

/* Begin PBXGroup section */
		8B748B2A1E4147DB00D1FEC0 = {
			isa = PBXGroup;
			children = (
				8B748B351E4147DB00D1FEC0 /* TableView */,
				8B748B341E4147DB00D1FEC0 /* Products */,
			);
			sourceTree = "<group>";
		};
		8B748B341E4147DB00D1FEC0 /* Products */ = {
			isa = PBXGroup;
			children = (
				8B748B331E4147DB00D1FEC0 /* TableView.app */,
			);
			name = Products;
			sourceTree = "<group>";
		};
		8B748B351E4147DB00D1FEC0 /* TableView */ = {
			isa = PBXGroup;
			children = (
				8B748B361E4147DB00D1FEC0 /* AppDelegate.swift */,
				8B748B381E4147DB00D1FEC0 /* ViewController.swift */,
				8B748B3A1E4147DB00D1FEC0 /* Main.storyboard */,
				8B748B4A1E41514C00D1FEC0 /* FooTwoViewController.swift */,
				8B748B481E414DE600D1FEC0 /* FooOneViewController.swift */,
				8B748B3D1E4147DB00D1FEC0 /* Assets.xcassets */,
				8B748B3F1E4147DB00D1FEC0 /* LaunchScreen.storyboard */,
				8B748B421E4147DB00D1FEC0 /* Info.plist */,
			);
			path = TableView;
			sourceTree = "<group>";
		};
/* End PBXGroup section */

/* Begin PBXNativeTarget section */
		8B748B321E4147DB00D1FEC0 /* TableView */ = {
			isa = PBXNativeTarget;
			buildConfigurationList = 8B748B451E4147DB00D1FEC0 /* Build configuration list for PBXNativeTarget "TableView" */;
			buildPhases = (
				8B748B2F1E4147DB00D1FEC0 /* Sources */,
				8B748B301E4147DB00D1FEC0 /* Frameworks */,
				8B748B311E4147DB00D1FEC0 /* Resources */,
			);
			buildRules = (
			);
			dependencies = (
			);
			name = TableView;
			productName = TableView;
			productReference = 8B748B331E4147DB00D1FEC0 /* TableView.app */;
			productType = "com.apple.product-type.application";
		};
/* End PBXNativeTarget section */

/* Begin PBXProject section */
		8B748B2B1E4147DB00D1FEC0 /* Project object */ = {
			isa = PBXProject;
			attributes = {
				LastSwiftUpdateCheck = 0820;
				LastUpgradeCheck = 0820;
				ORGANIZATIONNAME = Developer;
				TargetAttributes = {
					8B748B321E4147DB00D1FEC0 = {
						CreatedOnToolsVersion = 8.2.1;
						DevelopmentTeam = Y44QXXQB5Q;
						ProvisioningStyle = Automatic;
					};
				};
			};
			buildConfigurationList = 8B748B2E1E4147DB00D1FEC0 /* Build configuration list for PBXProject "TableView" */;
			compatibilityVersion = "Xcode 3.2";
			developmentRegion = English;
			hasScannedForEncodings = 0;
			knownRegions = (
				en,
				Base,
			);
			mainGroup = 8B748B2A1E4147DB00D1FEC0;
			productRefGroup = 8B748B341E4147DB00D1FEC0 /* Products */;
			projectDirPath = "";
			projectRoot = "";
			targets = (
				8B748B321E4147DB00D1FEC0 /* TableView */,
			);
		};
/* End PBXProject section */

/* Begin PBXResourcesBuildPhase section */
		8B748B311E4147DB00D1FEC0 /* Resources */ = {
			isa = PBXResourcesBuildPhase;
			buildActionMask = 2147483647;
			files = (
				8B748B411E4147DB00D1FEC0 /* LaunchScreen.storyboard in Resources */,
				8B748B3E1E4147DB00D1FEC0 /* Assets.xcassets in Resources */,
				8B748B3C1E4147DB00D1FEC0 /* Main.storyboard in Resources */,
			);
			runOnlyForDeploymentPostprocessing = 0;
		};
/* End PBXResourcesBuildPhase section */

/* Begin PBXSourcesBuildPhase section */
		8B748B2F1E4147DB00D1FEC0 /* Sources */ = {
			isa = PBXSourcesBuildPhase;
			buildActionMask = 2147483647;
			files = (
				8B748B491E414DE600D1FEC0 /* FooOneViewController.swift in Sources */,
				8B748B391E4147DB00D1FEC0 /* ViewController.swift in Sources */,
				8B748B4B1E41514C00D1FEC0 /* FooTwoViewController.swift in Sources */,
				8B748B371E4147DB00D1FEC0 /* AppDelegate.swift in Sources */,
			);
			runOnlyForDeploymentPostprocessing = 0;
		};
/* End PBXSourcesBuildPhase section */

/* Begin PBXVariantGroup section */
		8B748B3A1E4147DB00D1FEC0 /* Main.storyboard */ = {
			isa = PBXVariantGroup;
			children = (
				8B748B3B1E4147DB00D1FEC0 /* Base */,
			);
			name = Main.storyboard;
			sourceTree = "<group>";
		};
		8B748B3F1E4147DB00D1FEC0 /* LaunchScreen.storyboard */ = {
			isa = PBXVariantGroup;
			children = (
				8B748B401E4147DB00D1FEC0 /* Base */,
			);
			name = LaunchScreen.storyboard;
			sourceTree = "<group>";
		};
/* End PBXVariantGroup section */

/* Begin XCBuildConfiguration section */
		8B748B431E4147DB00D1FEC0 /* Debug */ = {
			isa = XCBuildConfiguration;
			buildSettings = {
				ALWAYS_SEARCH_USER_PATHS = NO;
				CLANG_ANALYZER_NONNULL = YES;
				CLANG_CXX_LANGUAGE_STANDARD = "gnu++0x";
				CLANG_CXX_LIBRARY = "libc++";
				CLANG_ENABLE_MODULES = YES;
				CLANG_ENABLE_OBJC_ARC = YES;
				CLANG_WARN_BOOL_CONVERSION = YES;
				CLANG_WARN_CONSTANT_CONVERSION = YES;
				CLANG_WARN_DIRECT_OBJC_ISA_USAGE = YES_ERROR;
				CLANG_WARN_DOCUMENTATION_COMMENTS = YES;
				CLANG_WARN_EMPTY_BODY = YES;
				CLANG_WARN_ENUM_CONVERSION = YES;
				CLANG_WARN_INFINITE_RECURSION = YES;
				CLANG_WARN_INT_CONVERSION = YES;
				CLANG_WARN_OBJC_ROOT_CLASS = YES_ERROR;
				CLANG_WARN_SUSPICIOUS_MOVE = YES;
				CLANG_WARN_UNREACHABLE_CODE = YES;
				CLANG_WARN__DUPLICATE_METHOD_MATCH = YES;
				"CODE_SIGN_IDENTITY[sdk=iphoneos*]" = "iPhone Developer";
				COPY_PHASE_STRIP = NO;
				DEBUG_INFORMATION_FORMAT = dwarf;
				ENABLE_STRICT_OBJC_MSGSEND = YES;
				ENABLE_TESTABILITY = YES;
				GCC_C_LANGUAGE_STANDARD = gnu99;
				GCC_DYNAMIC_NO_PIC = NO;
				GCC_NO_COMMON_BLOCKS = YES;
				GCC_OPTIMIZATION_LEVEL = 0;
				GCC_PREPROCESSOR_DEFINITIONS = (
					"DEBUG=1",
					"$(inherited)",
				);
				GCC_WARN_64_TO_32_BIT_CONVERSION = YES;
				GCC_WARN_ABOUT_RETURN_TYPE = YES_ERROR;
				GCC_WARN_UNDECLARED_SELECTOR = YES;
				GCC_WARN_UNINITIALIZED_AUTOS = YES_AGGRESSIVE;
				GCC_WARN_UNUSED_FUNCTION = YES;
				GCC_WARN_UNUSED_VARIABLE = YES;
				IPHONEOS_DEPLOYMENT_TARGET = 10.2;
				MTL_ENABLE_DEBUG_INFO = YES;
				ONLY_ACTIVE_ARCH = YES;
				SDKROOT = iphoneos;
				SWIFT_ACTIVE_COMPILATION_CONDITIONS = DEBUG;
				SWIFT_OPTIMIZATION_LEVEL = "-Onone";
			};
			name = Debug;
		};
		8B748B441E4147DB00D1FEC0 /* Release */ = {
			isa = XCBuildConfiguration;
			buildSettings = {
				ALWAYS_SEARCH_USER_PATHS = NO;
				CLANG_ANALYZER_NONNULL = YES;
				CLANG_CXX_LANGUAGE_STANDARD = "gnu++0x";
				CLANG_CXX_LIBRARY = "libc++";
				CLANG_ENABLE_MODULES = YES;
				CLANG_ENABLE_OBJC_ARC = YES;
				CLANG_WARN_BOOL_CONVERSION = YES;
				CLANG_WARN_CONSTANT_CONVERSION = YES;
				CLANG_WARN_DIRECT_OBJC_ISA_USAGE = YES_ERROR;
				CLANG_WARN_DOCUMENTATION_COMMENTS = YES;
				CLANG_WARN_EMPTY_BODY = YES;
				CLANG_WARN_ENUM_CONVERSION = YES;
				CLANG_WARN_INFINITE_RECURSION = YES;
				CLANG_WARN_INT_CONVERSION = YES;
				CLANG_WARN_OBJC_ROOT_CLASS = YES_ERROR;
				CLANG_WARN_SUSPICIOUS_MOVE = YES;
				CLANG_WARN_UNREACHABLE_CODE = YES;
				CLANG_WARN__DUPLICATE_METHOD_MATCH = YES;
				"CODE_SIGN_IDENTITY[sdk=iphoneos*]" = "iPhone Developer";
				COPY_PHASE_STRIP = NO;
				DEBUG_INFORMATION_FORMAT = "dwarf-with-dsym";
				ENABLE_NS_ASSERTIONS = NO;
				ENABLE_STRICT_OBJC_MSGSEND = YES;
				GCC_C_LANGUAGE_STANDARD = gnu99;
				GCC_NO_COMMON_BLOCKS = YES;
				GCC_WARN_64_TO_32_BIT_CONVERSION = YES;
				GCC_WARN_ABOUT_RETURN_TYPE = YES_ERROR;
				GCC_WARN_UNDECLARED_SELECTOR = YES;
				GCC_WARN_UNINITIALIZED_AUTOS = YES_AGGRESSIVE;
				GCC_WARN_UNUSED_FUNCTION = YES;
				GCC_WARN_UNUSED_VARIABLE = YES;
				IPHONEOS_DEPLOYMENT_TARGET = 10.2;
				MTL_ENABLE_DEBUG_INFO = NO;
				SDKROOT = iphoneos;
				SWIFT_OPTIMIZATION_LEVEL = "-Owholemodule";
				VALIDATE_PRODUCT = YES;
			};
			name = Release;
		};
		8B748B461E4147DB00D1FEC0 /* Debug */ = {
			isa = XCBuildConfiguration;
			buildSettings = {
				ASSETCATALOG_COMPILER_APPICON_NAME = AppIcon;
				DEVELOPMENT_TEAM = Y44QXXQB5Q;
				INFOPLIST_FILE = TableView/Info.plist;
				LD_RUNPATH_SEARCH_PATHS = "$(inherited) @executable_path/Frameworks";
				PRODUCT_BUNDLE_IDENTIFIER = Row52.TableView;
				PRODUCT_NAME = "$(TARGET_NAME)";
				SWIFT_VERSION = 3.0;
			};
			name = Debug;
		};
		8B748B471E4147DB00D1FEC0 /* Release */ = {
			isa = XCBuildConfiguration;
			buildSettings = {
				ASSETCATALOG_COMPILER_APPICON_NAME = AppIcon;
				DEVELOPMENT_TEAM = Y44QXXQB5Q;
				INFOPLIST_FILE = TableView/Info.plist;
				LD_RUNPATH_SEARCH_PATHS = "$(inherited) @executable_path/Frameworks";
				PRODUCT_BUNDLE_IDENTIFIER = Row52.TableView;
				PRODUCT_NAME = "$(TARGET_NAME)";
				SWIFT_VERSION = 3.0;
			};
			name = Release;
		};
/* End XCBuildConfiguration section */

/* Begin XCConfigurationList section */
		8B748B2E1E4147DB00D1FEC0 /* Build configuration list for PBXProject "TableView" */ = {
			isa = XCConfigurationList;
			buildConfigurations = (
				8B748B431E4147DB00D1FEC0 /* Debug */,
				8B748B441E4147DB00D1FEC0 /* Release */,
			);
			defaultConfigurationIsVisible = 0;
			defaultConfigurationName = Release;
		};
		8B748B451E4147DB00D1FEC0 /* Build configuration list for PBXNativeTarget "TableView" */ = {
			isa = XCConfigurationList;
			buildConfigurations = (
				8B748B461E4147DB00D1FEC0 /* Debug */,
				8B748B471E4147DB00D1FEC0 /* Release */,
			);
			defaultConfigurationIsVisible = 0;
		};
/* End XCConfigurationList section */
	};
	rootObject = 8B748B2B1E4147DB00D1FEC0 /* Project object */;
}
